// !$*UTF8*$!
{
	archiveVersion = 1;
	classes = {
	};
	objectVersion = 56;
	objects = {

/* Begin PBXBuildFile section */
		3A76468B29A24364003BCCC7 /* transactions.json in Resources */ = {isa = PBXBuildFile; fileRef = 3A76468A29A24364003BCCC7 /* transactions.json */; };
		3A8809CB29687FDF00A867B9 /* Collections in Frameworks */ = {isa = PBXBuildFile; productRef = 3A8809CA29687FDF00A867B9 /* Collections */; };
		3A8809CE29688EEB00A867B9 /* SwiftUICharts in Frameworks */ = {isa = PBXBuildFile; productRef = 3A8809CD29688EEB00A867B9 /* SwiftUICharts */; };
		3A8809D029689FAB00A867B9 /* TransactionCategoriesData.swift in Sources */ = {isa = PBXBuildFile; fileRef = 3A8809CF29689FAB00A867B9 /* TransactionCategoriesData.swift */; };
		3ABB9B9F2965F6A100EF627F /* ExpenseTrackerApp.swift in Sources */ = {isa = PBXBuildFile; fileRef = 3ABB9B9E2965F6A100EF627F /* ExpenseTrackerApp.swift */; };
		3ABB9BA12965F6A100EF627F /* ContentView.swift in Sources */ = {isa = PBXBuildFile; fileRef = 3ABB9BA02965F6A100EF627F /* ContentView.swift */; };
		3ABB9BA32965F6A200EF627F /* Assets.xcassets in Resources */ = {isa = PBXBuildFile; fileRef = 3ABB9BA22965F6A200EF627F /* Assets.xcassets */; };
		3ABB9BA62965F6A200EF627F /* Preview Assets.xcassets in Resources */ = {isa = PBXBuildFile; fileRef = 3ABB9BA52965F6A200EF627F /* Preview Assets.xcassets */; };
		3ABB9BAD2965F7D900EF627F /* Extension.swift in Sources */ = {isa = PBXBuildFile; fileRef = 3ABB9BAC2965F7D900EF627F /* Extension.swift */; };
		3ABB9BB32965FAB300EF627F /* TransactionModel.swift in Sources */ = {isa = PBXBuildFile; fileRef = 3ABB9BB22965FAB300EF627F /* TransactionModel.swift */; };
		3ABB9BB72965FBBB00EF627F /* PreviewData.swift in Sources */ = {isa = PBXBuildFile; fileRef = 3ABB9BB62965FBBB00EF627F /* PreviewData.swift */; };
		3ABB9BB92965FCAB00EF627F /* TransactionRow.swift in Sources */ = {isa = PBXBuildFile; fileRef = 3ABB9BB82965FCAB00EF627F /* TransactionRow.swift */; };
		3ACC7687296828740099A098 /* TransactionListViewModel.swift in Sources */ = {isa = PBXBuildFile; fileRef = 3ACC7686296828740099A098 /* TransactionListViewModel.swift */; };
		3ACC768929682FD60099A098 /* RecentTransactionList.swift in Sources */ = {isa = PBXBuildFile; fileRef = 3ACC768829682FD60099A098 /* RecentTransactionList.swift */; };
		3ACC768B296844000099A098 /* TransactionList.swift in Sources */ = {isa = PBXBuildFile; fileRef = 3ACC768A296844000099A098 /* TransactionList.swift */; };
/* End PBXBuildFile section */

/* Begin PBXFileReference section */
		3A76468A29A24364003BCCC7 /* transactions.json */ = {isa = PBXFileReference; fileEncoding = 4; lastKnownFileType = text.json; path = transactions.json; sourceTree = "<group>"; };
		3A8809CF29689FAB00A867B9 /* TransactionCategoriesData.swift */ = {isa = PBXFileReference; lastKnownFileType = sourcecode.swift; path = TransactionCategoriesData.swift; sourceTree = "<group>"; };
		3ABB9B9B2965F6A100EF627F /* ExpenseTracker.app */ = {isa = PBXFileReference; explicitFileType = wrapper.application; includeInIndex = 0; path = ExpenseTracker.app; sourceTree = BUILT_PRODUCTS_DIR; };
		3ABB9B9E2965F6A100EF627F /* ExpenseTrackerApp.swift */ = {isa = PBXFileReference; lastKnownFileType = sourcecode.swift; path = ExpenseTrackerApp.swift; sourceTree = "<group>"; };
		3ABB9BA02965F6A100EF627F /* ContentView.swift */ = {isa = PBXFileReference; lastKnownFileType = sourcecode.swift; path = ContentView.swift; sourceTree = "<group>"; };
		3ABB9BA22965F6A200EF627F /* Assets.xcassets */ = {isa = PBXFileReference; lastKnownFileType = folder.assetcatalog; path = Assets.xcassets; sourceTree = "<group>"; };
		3ABB9BA52965F6A200EF627F /* Preview Assets.xcassets */ = {isa = PBXFileReference; lastKnownFileType = folder.assetcatalog; path = "Preview Assets.xcassets"; sourceTree = "<group>"; };
		3ABB9BAC2965F7D900EF627F /* Extension.swift */ = {isa = PBXFileReference; lastKnownFileType = sourcecode.swift; path = Extension.swift; sourceTree = "<group>"; };
		3ABB9BB22965FAB300EF627F /* TransactionModel.swift */ = {isa = PBXFileReference; lastKnownFileType = sourcecode.swift; path = TransactionModel.swift; sourceTree = "<group>"; };
		3ABB9BB62965FBBB00EF627F /* PreviewData.swift */ = {isa = PBXFileReference; lastKnownFileType = sourcecode.swift; path = PreviewData.swift; sourceTree = "<group>"; };
		3ABB9BB82965FCAB00EF627F /* TransactionRow.swift */ = {isa = PBXFileReference; lastKnownFileType = sourcecode.swift; path = TransactionRow.swift; sourceTree = "<group>"; };
		3ACC7686296828740099A098 /* TransactionListViewModel.swift */ = {isa = PBXFileReference; lastKnownFileType = sourcecode.swift; path = TransactionListViewModel.swift; sourceTree = "<group>"; };
		3ACC768829682FD60099A098 /* RecentTransactionList.swift */ = {isa = PBXFileReference; lastKnownFileType = sourcecode.swift; path = RecentTransactionList.swift; sourceTree = "<group>"; };
		3ACC768A296844000099A098 /* TransactionList.swift */ = {isa = PBXFileReference; lastKnownFileType = sourcecode.swift; path = TransactionList.swift; sourceTree = "<group>"; };
/* End PBXFileReference section */

/* Begin PBXFrameworksBuildPhase section */
		3ABB9B982965F6A100EF627F /* Frameworks */ = {
			isa = PBXFrameworksBuildPhase;
			buildActionMask = 2147483647;
			files = (
				3A8809CB29687FDF00A867B9 /* Collections in Frameworks */,
				3A8809CE29688EEB00A867B9 /* SwiftUICharts in Frameworks */,
			);
			runOnlyForDeploymentPostprocessing = 0;
		};
/* End PBXFrameworksBuildPhase section */

/* Begin PBXGroup section */
		3A76468C29A24481003BCCC7 /* Resources */ = {
			isa = PBXGroup;
			children = (
				3ABB9BA22965F6A200EF627F /* Assets.xcassets */,
				3A76468A29A24364003BCCC7 /* transactions.json */,
			);
			path = Resources;
			sourceTree = "<group>";
		};
		3ABB9B922965F6A100EF627F = {
			isa = PBXGroup;
			children = (
				3ABB9B9D2965F6A100EF627F /* ExpenseTracker */,
				3ABB9B9C2965F6A100EF627F /* Products */,
			);
			sourceTree = "<group>";
		};
		3ABB9B9C2965F6A100EF627F /* Products */ = {
			isa = PBXGroup;
			children = (
				3ABB9B9B2965F6A100EF627F /* ExpenseTracker.app */,
			);
			name = Products;
			sourceTree = "<group>";
		};
		3ABB9B9D2965F6A100EF627F /* ExpenseTracker */ = {
			isa = PBXGroup;
			children = (
				3ABB9BAF2965FA5F00EF627F /* Views */,
				3ABB9BAE2965FA5800EF627F /* Model */,
				3ABB9B9E2965F6A100EF627F /* ExpenseTrackerApp.swift */,
				3A76468C29A24481003BCCC7 /* Resources */,
				3ABB9BA42965F6A200EF627F /* Preview Content */,
			);
			path = ExpenseTracker;
			sourceTree = "<group>";
		};
		3ABB9BA42965F6A200EF627F /* Preview Content */ = {
			isa = PBXGroup;
			children = (
				3ABB9BA52965F6A200EF627F /* Preview Assets.xcassets */,
			);
			path = "Preview Content";
			sourceTree = "<group>";
		};
		3ABB9BAE2965FA5800EF627F /* Model */ = {
			isa = PBXGroup;
			children = (
				3ABB9BB12965FA8600EF627F /* Data */,
				3ABB9BB22965FAB300EF627F /* TransactionModel.swift */,
				3ACC7686296828740099A098 /* TransactionListViewModel.swift */,
			);
			path = Model;
			sourceTree = "<group>";
		};
		3ABB9BAF2965FA5F00EF627F /* Views */ = {
			isa = PBXGroup;
			children = (
				3ABB9BA02965F6A100EF627F /* ContentView.swift */,
				3ABB9BB82965FCAB00EF627F /* TransactionRow.swift */,
				3ACC768829682FD60099A098 /* RecentTransactionList.swift */,
				3ACC768A296844000099A098 /* TransactionList.swift */,
			);
			path = Views;
			sourceTree = "<group>";
		};
		3ABB9BB12965FA8600EF627F /* Data */ = {
			isa = PBXGroup;
			children = (
				3ABB9BAC2965F7D900EF627F /* Extension.swift */,
				3ABB9BB62965FBBB00EF627F /* PreviewData.swift */,
				3A8809CF29689FAB00A867B9 /* TransactionCategoriesData.swift */,
			);
			path = Data;
			sourceTree = "<group>";
		};
/* End PBXGroup section */

/* Begin PBXNativeTarget section */
		3ABB9B9A2965F6A100EF627F /* ExpenseTracker */ = {
			isa = PBXNativeTarget;
			buildConfigurationList = 3ABB9BA92965F6A200EF627F /* Build configuration list for PBXNativeTarget "ExpenseTracker" */;
			buildPhases = (
				3ABB9B972965F6A100EF627F /* Sources */,
				3ABB9B982965F6A100EF627F /* Frameworks */,
				3ABB9B992965F6A100EF627F /* Resources */,
			);
			buildRules = (
			);
			dependencies = (
			);
			name = ExpenseTracker;
			packageProductDependencies = (
				3A8809CA29687FDF00A867B9 /* Collections */,
				3A8809CD29688EEB00A867B9 /* SwiftUICharts */,
			);
			productName = ExpenseTracker;
			productReference = 3ABB9B9B2965F6A100EF627F /* ExpenseTracker.app */;
			productType = "com.apple.product-type.application";
		};
/* End PBXNativeTarget section */

/* Begin PBXProject section */
		3ABB9B932965F6A100EF627F /* Project object */ = {
			isa = PBXProject;
			attributes = {
				BuildIndependentTargetsInParallel = 1;
				LastSwiftUpdateCheck = 1420;
				LastUpgradeCheck = 1420;
				TargetAttributes = {
					3ABB9B9A2965F6A100EF627F = {
						CreatedOnToolsVersion = 14.2;
					};
				};
			};
			buildConfigurationList = 3ABB9B962965F6A100EF627F /* Build configuration list for PBXProject "ExpenseTracker" */;
			compatibilityVersion = "Xcode 14.0";
			developmentRegion = en;
			hasScannedForEncodings = 0;
			knownRegions = (
				en,
				Base,
			);
			mainGroup = 3ABB9B922965F6A100EF627F;
			packageReferences = (
				3A8809C929687FDF00A867B9 /* XCRemoteSwiftPackageReference "swift-collections" */,
				3A8809CC29688EEB00A867B9 /* XCRemoteSwiftPackageReference "ChartView" */,
			);
			productRefGroup = 3ABB9B9C2965F6A100EF627F /* Products */;
			projectDirPath = "";
			projectRoot = "";
			targets = (
				3ABB9B9A2965F6A100EF627F /* ExpenseTracker */,
			);
		};
/* End PBXProject section */

/* Begin PBXResourcesBuildPhase section */
		3ABB9B992965F6A100EF627F /* Resources */ = {
			isa = PBXResourcesBuildPhase;
			buildActionMask = 2147483647;
			files = (
				3A76468B29A24364003BCCC7 /* transactions.json in Resources */,
				3ABB9BA62965F6A200EF627F /* Preview Assets.xcassets in Resources */,
				3ABB9BA32965F6A200EF627F /* Assets.xcassets in Resources */,
			);
			runOnlyForDeploymentPostprocessing = 0;
		};
/* End PBXResourcesBuildPhase section */

/* Begin PBXSourcesBuildPhase section */
		3ABB9B972965F6A100EF627F /* Sources */ = {
			isa = PBXSourcesBuildPhase;
			buildActionMask = 2147483647;
			files = (
				3ABB9BB72965FBBB00EF627F /* PreviewData.swift in Sources */,
				3ACC768B296844000099A098 /* TransactionList.swift in Sources */,
				3ACC768929682FD60099A098 /* RecentTransactionList.swift in Sources */,
				3ABB9BB32965FAB300EF627F /* TransactionModel.swift in Sources */,
				3ABB9BAD2965F7D900EF627F /* Extension.swift in Sources */,
				3ABB9BB92965FCAB00EF627F /* TransactionRow.swift in Sources */,
				3A8809D029689FAB00A867B9 /* TransactionCategoriesData.swift in Sources */,
				3ABB9BA12965F6A100EF627F /* ContentView.swift in Sources */,
				3ACC7687296828740099A098 /* TransactionListViewModel.swift in Sources */,
				3ABB9B9F2965F6A100EF627F /* ExpenseTrackerApp.swift in Sources */,
			);
			runOnlyForDeploymentPostprocessing = 0;
		};
/* End PBXSourcesBuildPhase section */

/* Begin XCBuildConfiguration section */
		3ABB9BA72965F6A200EF627F /* Debug */ = {
			isa = XCBuildConfiguration;
			buildSettings = {
				ALWAYS_SEARCH_USER_PATHS = NO;
				CLANG_ANALYZER_NONNULL = YES;
				CLANG_ANALYZER_NUMBER_OBJECT_CONVERSION = YES_AGGRESSIVE;
				CLANG_CXX_LANGUAGE_STANDARD = "gnu++20";
				CLANG_ENABLE_MODULES = YES;
				CLANG_ENABLE_OBJC_ARC = YES;
				CLANG_ENABLE_OBJC_WEAK = YES;
				CLANG_WARN_BLOCK_CAPTURE_AUTORELEASING = YES;
				CLANG_WARN_BOOL_CONVERSION = YES;
				CLANG_WARN_COMMA = YES;
				CLANG_WARN_CONSTANT_CONVERSION = YES;
				CLANG_WARN_DEPRECATED_OBJC_IMPLEMENTATIONS = YES;
				CLANG_WARN_DIRECT_OBJC_ISA_USAGE = YES_ERROR;
				CLANG_WARN_DOCUMENTATION_COMMENTS = YES;
				CLANG_WARN_EMPTY_BODY = YES;
				CLANG_WARN_ENUM_CONVERSION = YES;
				CLANG_WARN_INFINITE_RECURSION = YES;
				CLANG_WARN_INT_CONVERSION = YES;
				CLANG_WARN_NON_LITERAL_NULL_CONVERSION = YES;
				CLANG_WARN_OBJC_IMPLICIT_RETAIN_SELF = YES;
				CLANG_WARN_OBJC_LITERAL_CONVERSION = YES;
				CLANG_WARN_OBJC_ROOT_CLASS = YES_ERROR;
				CLANG_WARN_QUOTED_INCLUDE_IN_FRAMEWORK_HEADER = YES;
				CLANG_WARN_RANGE_LOOP_ANALYSIS = YES;
				CLANG_WARN_STRICT_PROTOTYPES = YES;
				CLANG_WARN_SUSPICIOUS_MOVE = YES;
				CLANG_WARN_UNGUARDED_AVAILABILITY = YES_AGGRESSIVE;
				CLANG_WARN_UNREACHABLE_CODE = YES;
				CLANG_WARN__DUPLICATE_METHOD_MATCH = YES;
				COPY_PHASE_STRIP = NO;
				DEBUG_INFORMATION_FORMAT = dwarf;
				ENABLE_STRICT_OBJC_MSGSEND = YES;
				ENABLE_TESTABILITY = YES;
				GCC_C_LANGUAGE_STANDARD = gnu11;
				GCC_DYNAMIC_NO_PIC = NO;
				GCC_NO_COMMON_BLOCKS = YES;
				GCC_OPTIMIZATION_LEVEL = 0;
				GCC_PREPROCESSOR_DEFINITIONS = (
					"DEBUG=1",
					"$(inherited)",
				);
				GCC_WARN_64_TO_32_BIT_CONVERSION = YES;
				GCC_WARN_ABOUT_RETURN_TYPE = YES_ERROR;
				GCC_WARN_UNDECLARED_SELECTOR = YES;
				GCC_WARN_UNINITIALIZED_AUTOS = YES_AGGRESSIVE;
				GCC_WARN_UNUSED_FUNCTION = YES;
				GCC_WARN_UNUSED_VARIABLE = YES;
				IPHONEOS_DEPLOYMENT_TARGET = 16.2;
				MTL_ENABLE_DEBUG_INFO = INCLUDE_SOURCE;
				MTL_FAST_MATH = YES;
				ONLY_ACTIVE_ARCH = YES;
				SDKROOT = iphoneos;
				SWIFT_ACTIVE_COMPILATION_CONDITIONS = DEBUG;
				SWIFT_OPTIMIZATION_LEVEL = "-Onone";
			};
			name = Debug;
		};
		3ABB9BA82965F6A200EF627F /* Release */ = {
			isa = XCBuildConfiguration;
			buildSettings = {
				ALWAYS_SEARCH_USER_PATHS = NO;
				CLANG_ANALYZER_NONNULL = YES;
				CLANG_ANALYZER_NUMBER_OBJECT_CONVERSION = YES_AGGRESSIVE;
				CLANG_CXX_LANGUAGE_STANDARD = "gnu++20";
				CLANG_ENABLE_MODULES = YES;
				CLANG_ENABLE_OBJC_ARC = YES;
				CLANG_ENABLE_OBJC_WEAK = YES;
				CLANG_WARN_BLOCK_CAPTURE_AUTORELEASING = YES;
				CLANG_WARN_BOOL_CONVERSION = YES;
				CLANG_WARN_COMMA = YES;
				CLANG_WARN_CONSTANT_CONVERSION = YES;
				CLANG_WARN_DEPRECATED_OBJC_IMPLEMENTATIONS = YES;
				CLANG_WARN_DIRECT_OBJC_ISA_USAGE = YES_ERROR;
				CLANG_WARN_DOCUMENTATION_COMMENTS = YES;
				CLANG_WARN_EMPTY_BODY = YES;
				CLANG_WARN_ENUM_CONVERSION = YES;
				CLANG_WARN_INFINITE_RECURSION = YES;
				CLANG_WARN_INT_CONVERSION = YES;
				CLANG_WARN_NON_LITERAL_NULL_CONVERSION = YES;
				CLANG_WARN_OBJC_IMPLICIT_RETAIN_SELF = YES;
				CLANG_WARN_OBJC_LITERAL_CONVERSION = YES;
				CLANG_WARN_OBJC_ROOT_CLASS = YES_ERROR;
				CLANG_WARN_QUOTED_INCLUDE_IN_FRAMEWORK_HEADER = YES;
				CLANG_WARN_RANGE_LOOP_ANALYSIS = YES;
				CLANG_WARN_STRICT_PROTOTYPES = YES;
				CLANG_WARN_SUSPICIOUS_MOVE = YES;
				CLANG_WARN_UNGUARDED_AVAILABILITY = YES_AGGRESSIVE;
				CLANG_WARN_UNREACHABLE_CODE = YES;
				CLANG_WARN__DUPLICATE_METHOD_MATCH = YES;
				COPY_PHASE_STRIP = NO;
				DEBUG_INFORMATION_FORMAT = "dwarf-with-dsym";
				ENABLE_NS_ASSERTIONS = NO;
				ENABLE_STRICT_OBJC_MSGSEND = YES;
				GCC_C_LANGUAGE_STANDARD = gnu11;
				GCC_NO_COMMON_BLOCKS = YES;
				GCC_WARN_64_TO_32_BIT_CONVERSION = YES;
				GCC_WARN_ABOUT_RETURN_TYPE = YES_ERROR;
				GCC_WARN_UNDECLARED_SELECTOR = YES;
				GCC_WARN_UNINITIALIZED_AUTOS = YES_AGGRESSIVE;
				GCC_WARN_UNUSED_FUNCTION = YES;
				GCC_WARN_UNUSED_VARIABLE = YES;
				IPHONEOS_DEPLOYMENT_TARGET = 16.2;
				MTL_ENABLE_DEBUG_INFO = NO;
				MTL_FAST_MATH = YES;
				SDKROOT = iphoneos;
				SWIFT_COMPILATION_MODE = wholemodule;
				SWIFT_OPTIMIZATION_LEVEL = "-O";
				VALIDATE_PRODUCT = YES;
			};
			name = Release;
		};
		3ABB9BAA2965F6A200EF627F /* Debug */ = {
			isa = XCBuildConfiguration;
			buildSettings = {
				ASSETCATALOG_COMPILER_APPICON_NAME = AppIcon;
				ASSETCATALOG_COMPILER_GLOBAL_ACCENT_COLOR_NAME = AccentColor;
				CODE_SIGN_STYLE = Automatic;
				CURRENT_PROJECT_VERSION = 1;
				DEVELOPMENT_ASSET_PATHS = "\"ExpenseTracker/Preview Content\"";
				DEVELOPMENT_TEAM = CVSUPGMRAW;
				ENABLE_PREVIEWS = YES;
				GENERATE_INFOPLIST_FILE = YES;
				INFOPLIST_KEY_UIApplicationSceneManifest_Generation = YES;
				INFOPLIST_KEY_UIApplicationSupportsIndirectInputEvents = YES;
				INFOPLIST_KEY_UILaunchScreen_Generation = YES;
				INFOPLIST_KEY_UISupportedInterfaceOrientations_iPad = "UIInterfaceOrientationPortrait UIInterfaceOrientationPortraitUpsideDown UIInterfaceOrientationLandscapeLeft UIInterfaceOrientationLandscapeRight";
				INFOPLIST_KEY_UISupportedInterfaceOrientations_iPhone = "UIInterfaceOrientationPortrait UIInterfaceOrientationLandscapeLeft UIInterfaceOrientationLandscapeRight";
				LD_RUNPATH_SEARCH_PATHS = (
					"$(inherited)",
					"@executable_path/Frameworks",
				);
				MARKETING_VERSION = 1.0;
				PRODUCT_BUNDLE_IDENTIFIER = gperretta.ExpenseTracker;
				PRODUCT_NAME = "$(TARGET_NAME)";
				SWIFT_EMIT_LOC_STRINGS = YES;
				SWIFT_VERSION = 5.0;
				TARGETED_DEVICE_FAMILY = "1,2";
			};
			name = Debug;
		};
		3ABB9BAB2965F6A200EF627F /* Release */ = {
			isa = XCBuildConfiguration;
			buildSettings = {
				ASSETCATALOG_COMPILER_APPICON_NAME = AppIcon;
				ASSETCATALOG_COMPILER_GLOBAL_ACCENT_COLOR_NAME = AccentColor;
				CODE_SIGN_STYLE = Automatic;
				CURRENT_PROJECT_VERSION = 1;
				DEVELOPMENT_ASSET_PATHS = "\"ExpenseTracker/Preview Content\"";
				DEVELOPMENT_TEAM = CVSUPGMRAW;
				ENABLE_PREVIEWS = YES;
				GENERATE_INFOPLIST_FILE = YES;
				INFOPLIST_KEY_UIApplicationSceneManifest_Generation = YES;
				INFOPLIST_KEY_UIApplicationSupportsIndirectInputEvents = YES;
				INFOPLIST_KEY_UILaunchScreen_Generation = YES;
				INFOPLIST_KEY_UISupportedInterfaceOrientations_iPad = "UIInterfaceOrientationPortrait UIInterfaceOrientationPortraitUpsideDown UIInterfaceOrientationLandscapeLeft UIInterfaceOrientationLandscapeRight";
				INFOPLIST_KEY_UISupportedInterfaceOrientations_iPhone = "UIInterfaceOrientationPortrait UIInterfaceOrientationLandscapeLeft UIInterfaceOrientationLandscapeRight";
				LD_RUNPATH_SEARCH_PATHS = (
					"$(inherited)",
					"@executable_path/Frameworks",
				);
				MARKETING_VERSION = 1.0;
				PRODUCT_BUNDLE_IDENTIFIER = gperretta.ExpenseTracker;
				PRODUCT_NAME = "$(TARGET_NAME)";
				SWIFT_EMIT_LOC_STRINGS = YES;
				SWIFT_VERSION = 5.0;
				TARGETED_DEVICE_FAMILY = "1,2";
			};
			name = Release;
		};
/* End XCBuildConfiguration section */

/* Begin XCConfigurationList section */
		3ABB9B962965F6A100EF627F /* Build configuration list for PBXProject "ExpenseTracker" */ = {
			isa = XCConfigurationList;
			buildConfigurations = (
				3ABB9BA72965F6A200EF627F /* Debug */,
				3ABB9BA82965F6A200EF627F /* Release */,
			);
			defaultConfigurationIsVisible = 0;
			defaultConfigurationName = Release;
		};
		3ABB9BA92965F6A200EF627F /* Build configuration list for PBXNativeTarget "ExpenseTracker" */ = {
			isa = XCConfigurationList;
			buildConfigurations = (
				3ABB9BAA2965F6A200EF627F /* Debug */,
				3ABB9BAB2965F6A200EF627F /* Release */,
			);
			defaultConfigurationIsVisible = 0;
			defaultConfigurationName = Release;
		};
/* End XCConfigurationList section */

/* Begin XCRemoteSwiftPackageReference section */
		3A8809C929687FDF00A867B9 /* XCRemoteSwiftPackageReference "swift-collections" */ = {
			isa = XCRemoteSwiftPackageReference;
			repositoryURL = "https://github.com/apple/swift-collections.git";
			requirement = {
				kind = upToNextMajorVersion;
				minimumVersion = 1.0.4;
			};
		};
		3A8809CC29688EEB00A867B9 /* XCRemoteSwiftPackageReference "ChartView" */ = {
			isa = XCRemoteSwiftPackageReference;
			repositoryURL = "https://github.com/AppPear/ChartView";
			requirement = {
				kind = exactVersion;
				version = "2.0.0-beta.2";
			};
		};
/* End XCRemoteSwiftPackageReference section */

/* Begin XCSwiftPackageProductDependency section */
		3A8809CA29687FDF00A867B9 /* Collections */ = {
			isa = XCSwiftPackageProductDependency;
			package = 3A8809C929687FDF00A867B9 /* XCRemoteSwiftPackageReference "swift-collections" */;
			productName = Collections;
		};
		3A8809CD29688EEB00A867B9 /* SwiftUICharts */ = {
			isa = XCSwiftPackageProductDependency;
			package = 3A8809CC29688EEB00A867B9 /* XCRemoteSwiftPackageReference "ChartView" */;
			productName = SwiftUICharts;
		};
/* End XCSwiftPackageProductDependency section */
	};
	rootObject = 3ABB9B932965F6A100EF627F /* Project object */;
}
